
Microsoft Visual Studio Solution File, Format Version 12.00
# Visual Studio Version 17
VisualStudioVersion = 17.7.34031.279
MinimumVisualStudioVersion = 10.0.40219.1
Project("{FAE04EC0-301F-11D3-BF4B-00C04F79EFBC}") = "PresentationLayer", "PresentationLayer\PresentationLayer.csproj", "{C3B5E0BE-D0DF-4B5E-AA52-5D257F98ABF1}"
EndProject
Project("{FAE04EC0-301F-11D3-BF4B-00C04F79EFBC}") = "BusinessLogicLayer", "BusinessLogicLayer\BusinessLogicLayer.csproj", "{7C291211-5475-4669-91ED-2DDA11393D7F}"
EndProject
Project("{FAE04EC0-301F-11D3-BF4B-00C04F79EFBC}") = "DataAccessLayer", "DataAccessLayer\DataAccessLayer.csproj", "{D296F5D1-F93F-4F74-9330-DC40836130AA}"
EndProject
Global
	GlobalSection(SolutionConfigurationPlatforms) = preSolution
		Debug|Any CPU = Debug|Any CPU
		Release|Any CPU = Release|Any CPU
	EndGlobalSection
	GlobalSection(ProjectConfigurationPlatforms) = postSolution
		{C3B5E0BE-D0DF-4B5E-AA52-5D257F98ABF1}.Debug|Any CPU.ActiveCfg = Debug|Any CPU
		{C3B5E0BE-D0DF-4B5E-AA52-5D257F98ABF1}.Debug|Any CPU.Build.0 = Debug|Any CPU
		{C3B5E0BE-D0DF-4B5E-AA52-5D257F98ABF1}.Release|Any CPU.ActiveCfg = Release|Any CPU
		{C3B5E0BE-D0DF-4B5E-AA52-5D257F98ABF1}.Release|Any CPU.Build.0 = Release|Any CPU
		{7C291211-5475-4669-91ED-2DDA11393D7F}.Debug|Any CPU.ActiveCfg = Debug|Any CPU
		{7C291211-5475-4669-91ED-2DDA11393D7F}.Debug|Any CPU.Build.0 = Debug|Any CPU
		{7C291211-5475-4669-91ED-2DDA11393D7F}.Release|Any CPU.ActiveCfg = Release|Any CPU
		{7C291211-5475-4669-91ED-2DDA11393D7F}.Release|Any CPU.Build.0 = Release|Any CPU
		{D296F5D1-F93F-4F74-9330-DC40836130AA}.Debug|Any CPU.ActiveCfg = Debug|Any CPU
		{D296F5D1-F93F-4F74-9330-DC40836130AA}.Debug|Any CPU.Build.0 = Debug|Any CPU
		{D296F5D1-F93F-4F74-9330-DC40836130AA}.Release|Any CPU.ActiveCfg = Release|Any CPU
		{D296F5D1-F93F-4F74-9330-DC40836130AA}.Release|Any CPU.Build.0 = Release|Any CPU
	EndGlobalSection
	GlobalSection(SolutionProperties) = preSolution
		HideSolutionNode = FALSE
	EndGlobalSection
	GlobalSection(ExtensibilityGlobals) = postSolution
		SolutionGuid = {6E1A1130-FE03-4EF5-9E08-ADEF2A3DF677}
	EndGlobalSection
EndGlobal
